// !$*UTF8*$!
{
	archiveVersion = 1;
	classes = {
	};
	objectVersion = 77;
	objects = {

/* Begin PBXBuildFile section */
		4D082E142D4FD5B40078DB5B /* Appstorage.swift in Sources */ = {isa = PBXBuildFile; fileRef = 4D082E132D4FD5B40078DB5B /* Appstorage.swift */; };
		4D082E492D501A260078DB5B /* AsyncImageDemo.swift in Sources */ = {isa = PBXBuildFile; fileRef = 4D082E482D501A260078DB5B /* AsyncImageDemo.swift */; };
		4D13B82E2D4E7B580028E258 /* ModelData.swift in Sources */ = {isa = PBXBuildFile; fileRef = 4D13B82D2D4E7B580028E258 /* ModelData.swift */; };
		4D13B8302D4E8AA80028E258 /* ViewModel(Main).swift in Sources */ = {isa = PBXBuildFile; fileRef = 4D13B82F2D4E8AA80028E258 /* ViewModel(Main).swift */; };
		4D13B8322D4EA36E0028E258 /* EnviorementObjectDemo(Main).swift in Sources */ = {isa = PBXBuildFile; fileRef = 4D13B8312D4EA36E0028E258 /* EnviorementObjectDemo(Main).swift */; };
		4D15C3482D6334270062EF52 /* FIleManger.swift in Sources */ = {isa = PBXBuildFile; fileRef = 4D15C3472D6334270062EF52 /* FIleManger.swift */; };
		4D15C34A2D63BE370062EF52 /* FileManagerDemo.swift in Sources */ = {isa = PBXBuildFile; fileRef = 4D15C3492D63BE370062EF52 /* FileManagerDemo.swift */; };
		4D15C34C2D63D1CB0062EF52 /* CatchDemo.swift in Sources */ = {isa = PBXBuildFile; fileRef = 4D15C34B2D63D1CB0062EF52 /* CatchDemo.swift */; };
		4D2AE5E92D4D3A6D00B42697 /* TextFieldDemo.swift in Sources */ = {isa = PBXBuildFile; fileRef = 4D2AE5E82D4D3A6D00B42697 /* TextFieldDemo.swift */; };
		4D2AE5EB2D4D437A00B42697 /* TextEditorDemo.swift in Sources */ = {isa = PBXBuildFile; fileRef = 4D2AE5EA2D4D437A00B42697 /* TextEditorDemo.swift */; };
		4D2AE5ED2D4D478B00B42697 /* ToggleDemo.swift in Sources */ = {isa = PBXBuildFile; fileRef = 4D2AE5EC2D4D478B00B42697 /* ToggleDemo.swift */; };
		4D2AE5EF2D4D497900B42697 /* ColorPickerDemo.swift in Sources */ = {isa = PBXBuildFile; fileRef = 4D2AE5EE2D4D497900B42697 /* ColorPickerDemo.swift */; };
		4D2AE5F12D4D505800B42697 /* StepperDemo.swift in Sources */ = {isa = PBXBuildFile; fileRef = 4D2AE5F02D4D505800B42697 /* StepperDemo.swift */; };
		4D2AE5F32D4D557400B42697 /* SliderDemo.swift in Sources */ = {isa = PBXBuildFile; fileRef = 4D2AE5F22D4D557400B42697 /* SliderDemo.swift */; };
		4D2AE5F52D4D5C9000B42697 /* DatePickerDemo.swift in Sources */ = {isa = PBXBuildFile; fileRef = 4D2AE5F42D4D5C9000B42697 /* DatePickerDemo.swift */; };
		4D2AE5F72D4D61EE00B42697 /* PickerDemo.swift in Sources */ = {isa = PBXBuildFile; fileRef = 4D2AE5F62D4D61EE00B42697 /* PickerDemo.swift */; };
		4D2AE5F92D4D69D600B42697 /* SegmentDemo.swift in Sources */ = {isa = PBXBuildFile; fileRef = 4D2AE5F82D4D69D600B42697 /* SegmentDemo.swift */; };
		4D32EF4B2D62190F001EBF70 /* ScrollViewPagingDemo.swift in Sources */ = {isa = PBXBuildFile; fileRef = 4D32EF4A2D62190F001EBF70 /* ScrollViewPagingDemo.swift */; };
		4D32EF4D2D622441001EBF70 /* ScrollViewPagingDemo2.swift in Sources */ = {isa = PBXBuildFile; fileRef = 4D32EF4C2D622441001EBF70 /* ScrollViewPagingDemo2.swift */; };
		4D32EFCA2D62309E001EBF70 /* AccessibilityDemo.swift in Sources */ = {isa = PBXBuildFile; fileRef = 4D32EFC92D62309E001EBF70 /* AccessibilityDemo.swift */; };
		4D32EFCE2D62776E001EBF70 /* AccebilityVoiceDemo.swift in Sources */ = {isa = PBXBuildFile; fileRef = 4D32EFCD2D62776E001EBF70 /* AccebilityVoiceDemo.swift */; };
		4D3D3DC42D4CC9AD0041E451 /* ListDemo(Main).swift in Sources */ = {isa = PBXBuildFile; fileRef = 4D3D3DC32D4CC9AD0041E451 /* ListDemo(Main).swift */; };
		4D3D3DC62D4CCE850041E451 /* NavigationStackDemo(Main)).swift in Sources */ = {isa = PBXBuildFile; fileRef = 4D3D3DC52D4CCE840041E451 /* NavigationStackDemo(Main)).swift */; };
		4D3D3DCA2D4CDA4C0041E451 /* ToolBarDemo(Main).swift in Sources */ = {isa = PBXBuildFile; fileRef = 4D3D3DC92D4CDA4C0041E451 /* ToolBarDemo(Main).swift */; };
		4D3D3DCC2D4CFD110041E451 /* AlertView(Main).swift in Sources */ = {isa = PBXBuildFile; fileRef = 4D3D3DCB2D4CFD110041E451 /* AlertView(Main).swift */; };
		4D3D3DCE2D4D0A8A0041E451 /* ActionSheetDemo(Main).swift in Sources */ = {isa = PBXBuildFile; fileRef = 4D3D3DCD2D4D0A8A0041E451 /* ActionSheetDemo(Main).swift */; };
		4D3D3DD02D4D14930041E451 /* ContentmenuDemo.swift in Sources */ = {isa = PBXBuildFile; fileRef = 4D3D3DCF2D4D14930041E451 /* ContentmenuDemo.swift */; };
		4D4F359A2D4B8D4600C095B5 /* StateDemo.swift in Sources */ = {isa = PBXBuildFile; fileRef = 4D4F35992D4B8D4600C095B5 /* StateDemo.swift */; };
		4D4F359C2D4B8D6500C095B5 /* BindingDemo.swift in Sources */ = {isa = PBXBuildFile; fileRef = 4D4F359B2D4B8D6500C095B5 /* BindingDemo.swift */; };
		4D4F359E2D4B9D6300C095B5 /* ExtractedFunctions.swift in Sources */ = {isa = PBXBuildFile; fileRef = 4D4F359D2D4B9D6300C095B5 /* ExtractedFunctions.swift */; };
		4D4F35A02D4BA0C000C095B5 /* ExtractSubviews.swift in Sources */ = {isa = PBXBuildFile; fileRef = 4D4F359F2D4BA0C000C095B5 /* ExtractSubviews.swift */; };
		4D4F35A22D4BA84600C095B5 /* Conditional.swift in Sources */ = {isa = PBXBuildFile; fileRef = 4D4F35A12D4BA84600C095B5 /* Conditional.swift */; };
		4D4F35A42D4BACFA00C095B5 /* TurneryOperator.swift in Sources */ = {isa = PBXBuildFile; fileRef = 4D4F35A32D4BACFA00C095B5 /* TurneryOperator.swift */; };
		4D4F35A62D4BB03E00C095B5 /* AnimationDemo(Main).swift in Sources */ = {isa = PBXBuildFile; fileRef = 4D4F35A52D4BB03E00C095B5 /* AnimationDemo(Main).swift */; };
		4D4F35A82D4BBFE600C095B5 /* AnimationCurve(Main).swift in Sources */ = {isa = PBXBuildFile; fileRef = 4D4F35A72D4BBFE600C095B5 /* AnimationCurve(Main).swift */; };
		4D4F35AA2D4BC8BA00C095B5 /* TransitionAnimation(Main).swift in Sources */ = {isa = PBXBuildFile; fileRef = 4D4F35A92D4BC8BA00C095B5 /* TransitionAnimation(Main).swift */; };
		4D4F35AC2D4BCEA000C095B5 /* Sheets.swift in Sources */ = {isa = PBXBuildFile; fileRef = 4D4F35AB2D4BCEA000C095B5 /* Sheets.swift */; };
		4D4F35B02D4BD40700C095B5 /* CustomPopover.swift in Sources */ = {isa = PBXBuildFile; fileRef = 4D4F35AF2D4BD40700C095B5 /* CustomPopover.swift */; };
		4D5DF4C22D5915C200DD252A /* MaskDemo.swift in Sources */ = {isa = PBXBuildFile; fileRef = 4D5DF4C12D5915C200DD252A /* MaskDemo.swift */; };
		4D5DF4C42D5919EE00DD252A /* AddSoundEffectDemo.swift in Sources */ = {isa = PBXBuildFile; fileRef = 4D5DF4C32D5919EE00DD252A /* AddSoundEffectDemo.swift */; };
		4D5DF4C82D591E4000DD252A /* tada.mp3 in Resources */ = {isa = PBXBuildFile; fileRef = 4D5DF4C72D591E4000DD252A /* tada.mp3 */; };
		4D5DF4C92D591E4000DD252A /* badum.mp3 in Resources */ = {isa = PBXBuildFile; fileRef = 4D5DF4C62D591E4000DD252A /* badum.mp3 */; };
		4D5DF4CB2D59214000DD252A /* HapticsDemo.swift in Sources */ = {isa = PBXBuildFile; fileRef = 4D5DF4CA2D59214000DD252A /* HapticsDemo.swift */; };
		4D5DF4CD2D59277300DD252A /* LocalNotificationDemo.swift in Sources */ = {isa = PBXBuildFile; fileRef = 4D5DF4CC2D59277300DD252A /* LocalNotificationDemo.swift */; };
		4D684A782D4DDD29009C33D5 /* TabBarView.swift in Sources */ = {isa = PBXBuildFile; fileRef = 4D684A772D4DDD29009C33D5 /* TabBarView.swift */; };
		4D684A7A2D4DE2FC009C33D5 /* PageViewDemo.swift in Sources */ = {isa = PBXBuildFile; fileRef = 4D684A792D4DE2FC009C33D5 /* PageViewDemo.swift */; };
		4D684A7C2D4DE736009C33D5 /* DarkModeDemo.swift in Sources */ = {isa = PBXBuildFile; fileRef = 4D684A7B2D4DE736009C33D5 /* DarkModeDemo.swift */; };
		4D6CDB602D4E598E001257D0 /* Onappear.swift in Sources */ = {isa = PBXBuildFile; fileRef = 4D6CDB5F2D4E598E001257D0 /* Onappear.swift */; };
		4D6CDB622D4E6FDA001257D0 /* TapGesture.swift in Sources */ = {isa = PBXBuildFile; fileRef = 4D6CDB612D4E6FDA001257D0 /* TapGesture.swift */; };
		4D8793482D5DBE5000CB3072 /* CodableDemo.swift in Sources */ = {isa = PBXBuildFile; fileRef = 4D8793472D5DBE5000CB3072 /* CodableDemo.swift */; };
		4D87934A2D5E09A300CB3072 /* DownloadWithEscapingDemo.swift in Sources */ = {isa = PBXBuildFile; fileRef = 4D8793492D5E09A300CB3072 /* DownloadWithEscapingDemo.swift */; };
		4D87934C2D5E1B3400CB3072 /* DownloadWithCombine.swift in Sources */ = {isa = PBXBuildFile; fileRef = 4D87934B2D5E1B3400CB3072 /* DownloadWithCombine.swift */; };
		4D87934E2D5E35B200CB3072 /* TimerDemo.swift in Sources */ = {isa = PBXBuildFile; fileRef = 4D87934D2D5E35B200CB3072 /* TimerDemo.swift */; };
		4D8793502D5E393000CB3072 /* TimerDemo2.swift in Sources */ = {isa = PBXBuildFile; fileRef = 4D87934F2D5E393000CB3072 /* TimerDemo2.swift */; };
		4D8793522D5E3EAE00CB3072 /* Timer3.swift in Sources */ = {isa = PBXBuildFile; fileRef = 4D8793512D5E3EAE00CB3072 /* Timer3.swift */; };
		4D8793542D5E596900CB3072 /* Timer4.swift in Sources */ = {isa = PBXBuildFile; fileRef = 4D8793532D5E596900CB3072 /* Timer4.swift */; };
		4D8793562D5E68A500CB3072 /* Timer5.swift in Sources */ = {isa = PBXBuildFile; fileRef = 4D8793552D5E68A500CB3072 /* Timer5.swift */; };
		4D8E4AB72D5CC2A4007A0698 /* BackgroundThreadDemo.swift in Sources */ = {isa = PBXBuildFile; fileRef = 4D8E4AB62D5CC2A4007A0698 /* BackgroundThreadDemo.swift */; };
		4D92A1A72D5299FF00EB74E6 /* AnimationUpdateDemo.swift in Sources */ = {isa = PBXBuildFile; fileRef = 4D92A1A62D5299FF00EB74E6 /* AnimationUpdateDemo.swift */; };
		4D92A1A92D52A07900EB74E6 /* NativePopOverDemo.swift in Sources */ = {isa = PBXBuildFile; fileRef = 4D92A1A82D52A07900EB74E6 /* NativePopOverDemo.swift */; };
		4D92A1AB2D52A68200EB74E6 /* AnyLayoutDemo.swift in Sources */ = {isa = PBXBuildFile; fileRef = 4D92A1AA2D52A68200EB74E6 /* AnyLayoutDemo.swift */; };
		4D92A1AD2D532BD200EB74E6 /* ViewThatfitsDemo.swift in Sources */ = {isa = PBXBuildFile; fileRef = 4D92A1AC2D532BD200EB74E6 /* ViewThatfitsDemo.swift */; };
		4D92A1AF2D5392EF00EB74E6 /* NavigationSplitViewDemo.swift in Sources */ = {isa = PBXBuildFile; fileRef = 4D92A1AE2D5392EF00EB74E6 /* NavigationSplitViewDemo.swift */; };
		4D92A1B32D53B27C00EB74E6 /* GridViewDemo.swift in Sources */ = {isa = PBXBuildFile; fileRef = 4D92A1B22D53B27C00EB74E6 /* GridViewDemo.swift */; };
		4D92A1B52D53CDDD00EB74E6 /* ContentUnavailableViewDemo.swift in Sources */ = {isa = PBXBuildFile; fileRef = 4D92A1B42D53CDDD00EB74E6 /* ContentUnavailableViewDemo.swift */; };
		4D92A1B72D53D41200EB74E6 /* ControlGroupMenuDemo.swift in Sources */ = {isa = PBXBuildFile; fileRef = 4D92A1B62D53D41200EB74E6 /* ControlGroupMenuDemo.swift */; };
		4D9E236C2D527640006329E8 /* ResizableSheetsDemo.swift in Sources */ = {isa = PBXBuildFile; fileRef = 4D9E236B2D527640006329E8 /* ResizableSheetsDemo.swift */; };
		4DA4D13E2D59EDB90075A105 /* HashableDemo.swift in Sources */ = {isa = PBXBuildFile; fileRef = 4DA4D13D2D59EDB90075A105 /* HashableDemo.swift */; };
		4DA4D1402D59F2850075A105 /* HighOrderFunctionDemo.swift in Sources */ = {isa = PBXBuildFile; fileRef = 4DA4D13F2D59F2850075A105 /* HighOrderFunctionDemo.swift */; };
		4DADC4392D4A658100809279 /* Colors.swift in Sources */ = {isa = PBXBuildFile; fileRef = 4DADC4322D4A658100809279 /* Colors.swift */; };
		4DADC43B2D4A658100809279 /* Gradient.swift in Sources */ = {isa = PBXBuildFile; fileRef = 4DADC4342D4A658100809279 /* Gradient.swift */; };
		4DADC43C2D4A658100809279 /* LearningSwiftUIApp.swift in Sources */ = {isa = PBXBuildFile; fileRef = 4DADC4352D4A658100809279 /* LearningSwiftUIApp.swift */; };
		4DADC43D2D4A658100809279 /* Shapes.swift in Sources */ = {isa = PBXBuildFile; fileRef = 4DADC4362D4A658100809279 /* Shapes.swift */; };
		4DADC43E2D4A658100809279 /* TextDemo.swift in Sources */ = {isa = PBXBuildFile; fileRef = 4DADC4372D4A658100809279 /* TextDemo.swift */; };
		4DADC43F2D4A658100809279 /* Preview Assets.xcassets in Resources */ = {isa = PBXBuildFile; fileRef = 4DADC42F2D4A658100809279 /* Preview Assets.xcassets */; };
		4DADC4402D4A658100809279 /* Assets.xcassets in Resources */ = {isa = PBXBuildFile; fileRef = 4DADC4312D4A658100809279 /* Assets.xcassets */; };
		4DADC4422D4A65DA00809279 /* SystemIcons.swift in Sources */ = {isa = PBXBuildFile; fileRef = 4DADC4412D4A65DA00809279 /* SystemIcons.swift */; };
		4DADC4462D4A6DD500809279 /* Images.swift in Sources */ = {isa = PBXBuildFile; fileRef = 4DADC4452D4A6DD500809279 /* Images.swift */; };
		4DADC4482D4A738A00809279 /* Frame(Main).swift in Sources */ = {isa = PBXBuildFile; fileRef = 4DADC4472D4A738A00809279 /* Frame(Main).swift */; };
		4DADC44A2D4A7A9200809279 /* Background(Main).swift in Sources */ = {isa = PBXBuildFile; fileRef = 4DADC4492D4A7A9200809279 /* Background(Main).swift */; };
		4DADC44E2D4A7D3100809279 /* Overlay(Main).swift in Sources */ = {isa = PBXBuildFile; fileRef = 4DADC44D2D4A7D3100809279 /* Overlay(Main).swift */; };
		4DADC4502D4A88A600809279 /* Stacks.swift in Sources */ = {isa = PBXBuildFile; fileRef = 4DADC44F2D4A88A600809279 /* Stacks.swift */; };
		4DADC4522D4AA36E00809279 /* Padding.swift in Sources */ = {isa = PBXBuildFile; fileRef = 4DADC4512D4AA36D00809279 /* Padding.swift */; };
		4DADC4542D4AAA0F00809279 /* Spacer.swift in Sources */ = {isa = PBXBuildFile; fileRef = 4DADC4532D4AAA0F00809279 /* Spacer.swift */; };
		4DADC4562D4AAFDD00809279 /* InitAndEnum.swift in Sources */ = {isa = PBXBuildFile; fileRef = 4DADC4552D4AAFDD00809279 /* InitAndEnum.swift */; };
		4DADC4582D4AB72900809279 /* ForEachLoop.swift in Sources */ = {isa = PBXBuildFile; fileRef = 4DADC4572D4AB72900809279 /* ForEachLoop.swift */; };
		4DADC45A2D4ABC6A00809279 /* ScrollViewDemo1.swift in Sources */ = {isa = PBXBuildFile; fileRef = 4DADC4592D4ABC6A00809279 /* ScrollViewDemo1.swift */; };
		4DADC45C2D4AC01500809279 /* ScrollViewDemo2.swift in Sources */ = {isa = PBXBuildFile; fileRef = 4DADC45B2D4AC01500809279 /* ScrollViewDemo2.swift */; };
		4DADC45E2D4B472200809279 /* GridItemsFixed(Main).swift in Sources */ = {isa = PBXBuildFile; fileRef = 4DADC45D2D4B472200809279 /* GridItemsFixed(Main).swift */; };
		4DADC4602D4B57CC00809279 /* GridItemFlexible(Main).swift in Sources */ = {isa = PBXBuildFile; fileRef = 4DADC45F2D4B57CC00809279 /* GridItemFlexible(Main).swift */; };
		4DADC4622D4B591500809279 /* GridItemsAdaptive(Main).swift in Sources */ = {isa = PBXBuildFile; fileRef = 4DADC4612D4B591500809279 /* GridItemsAdaptive(Main).swift */; };
		4DADC4642D4B5B0700809279 /* GridItemsFixed2(Main).swift in Sources */ = {isa = PBXBuildFile; fileRef = 4DADC4632D4B5B0700809279 /* GridItemsFixed2(Main).swift */; };
		4DADC4662D4B68D100809279 /* SafeArea.swift in Sources */ = {isa = PBXBuildFile; fileRef = 4DADC4652D4B68D100809279 /* SafeArea.swift */; };
		4DADC4682D4B7AFB00809279 /* SafeAreaDemo2.swift in Sources */ = {isa = PBXBuildFile; fileRef = 4DADC4672D4B7AFB00809279 /* SafeAreaDemo2.swift */; };
		4DADC46A2D4B7F7600809279 /* Buttons.swift in Sources */ = {isa = PBXBuildFile; fileRef = 4DADC4692D4B7F7600809279 /* Buttons.swift */; };
		4DB185E92D513C2600A41C94 /* BackgroundMaterial.swift in Sources */ = {isa = PBXBuildFile; fileRef = 4DB185E82D513C2600A41C94 /* BackgroundMaterial.swift */; };
		4DB185EB2D514CF000A41C94 /* TextSelectionDemo.swift in Sources */ = {isa = PBXBuildFile; fileRef = 4DB185EA2D514CF000A41C94 /* TextSelectionDemo.swift */; };
		4DB185ED2D514F5800A41C94 /* ButtonStyleDemo.swift in Sources */ = {isa = PBXBuildFile; fileRef = 4DB185EC2D514F5800A41C94 /* ButtonStyleDemo.swift */; };
		4DB185EF2D51525F00A41C94 /* SwipeActionDemo.swift in Sources */ = {isa = PBXBuildFile; fileRef = 4DB185EE2D51525F00A41C94 /* SwipeActionDemo.swift */; };
		4DB185F12D5155AA00A41C94 /* TabViewBadgesDemo.swift in Sources */ = {isa = PBXBuildFile; fileRef = 4DB185F02D5155AA00A41C94 /* TabViewBadgesDemo.swift */; };
		4DB185F32D51576600A41C94 /* ListViewBadgesDemo.swift in Sources */ = {isa = PBXBuildFile; fileRef = 4DB185F22D51576600A41C94 /* ListViewBadgesDemo.swift */; };
		4DB185F52D5157D600A41C94 /* FocusStateDemo.swift in Sources */ = {isa = PBXBuildFile; fileRef = 4DB185F42D5157D600A41C94 /* FocusStateDemo.swift */; };
		4DB185F72D515F9600A41C94 /* SubmitTextFieldDemo.swift in Sources */ = {isa = PBXBuildFile; fileRef = 4DB185F62D515F9600A41C94 /* SubmitTextFieldDemo.swift */; };
		4DB185F92D5160EE00A41C94 /* SafeAreaInsetsDemo.swift in Sources */ = {isa = PBXBuildFile; fileRef = 4DB185F82D5160EE00A41C94 /* SafeAreaInsetsDemo.swift */; };
		4DB185FB2D5163C800A41C94 /* GroupDemo.swift in Sources */ = {isa = PBXBuildFile; fileRef = 4DB185FA2D5163C800A41C94 /* GroupDemo.swift */; };
		4DB185FD2D51658800A41C94 /* MenuDemo.swift in Sources */ = {isa = PBXBuildFile; fileRef = 4DB185FC2D51658800A41C94 /* MenuDemo.swift */; };
		4DCE097B2D570C3700E1A953 /* LogPressGestureDemo.swift in Sources */ = {isa = PBXBuildFile; fileRef = 4DCE097A2D570C3700E1A953 /* LogPressGestureDemo.swift */; };
		4DCE097D2D57118D00E1A953 /* MagnificationGestureDemo.swift in Sources */ = {isa = PBXBuildFile; fileRef = 4DCE097C2D57118D00E1A953 /* MagnificationGestureDemo.swift */; };
		4DCE097F2D57179100E1A953 /* RotationGestureDemo.swift in Sources */ = {isa = PBXBuildFile; fileRef = 4DCE097E2D57179100E1A953 /* RotationGestureDemo.swift */; };
		4DCE09812D571A6700E1A953 /* DragGestureDemo.swift in Sources */ = {isa = PBXBuildFile; fileRef = 4DCE09802D571A6700E1A953 /* DragGestureDemo.swift */; };
		4DCE09832D57C9CB00E1A953 /* DragGestureDemo2.swift in Sources */ = {isa = PBXBuildFile; fileRef = 4DCE09822D57C9CB00E1A953 /* DragGestureDemo2.swift */; };
		4DCE09852D57D42700E1A953 /* ScrollViewReaderDemo.swift in Sources */ = {isa = PBXBuildFile; fileRef = 4DCE09842D57D42700E1A953 /* ScrollViewReaderDemo.swift */; };
		4DCE09872D57DB8700E1A953 /* GeometryReaderDemo.swift in Sources */ = {isa = PBXBuildFile; fileRef = 4DCE09862D57DB8700E1A953 /* GeometryReaderDemo.swift */; };
		4DCE09892D57E7BA00E1A953 /* GeometryReader2.swift in Sources */ = {isa = PBXBuildFile; fileRef = 4DCE09882D57E7BA00E1A953 /* GeometryReader2.swift */; };
		4DCE098B2D57EABD00E1A953 /* MultipleSheetsDemo.swift in Sources */ = {isa = PBXBuildFile; fileRef = 4DCE098A2D57EABD00E1A953 /* MultipleSheetsDemo.swift */; };
		4DD682C12D5CDB8000D72B21 /* WeakSelfDemo.swift in Sources */ = {isa = PBXBuildFile; fileRef = 4DD682C02D5CDB8000D72B21 /* WeakSelfDemo.swift */; };
		4DD682C42D5CE3CE00D72B21 /* TypealiasDemo.swift in Sources */ = {isa = PBXBuildFile; fileRef = 4DD682C32D5CE3CE00D72B21 /* TypealiasDemo.swift */; };
		4DD683272D5D172A00D72B21 /* EscapingDemo.swift in Sources */ = {isa = PBXBuildFile; fileRef = 4DD683262D5D172A00D72B21 /* EscapingDemo.swift */; };
		4DF873CF2D5F92E80022B148 /* SubscribeDemo.swift in Sources */ = {isa = PBXBuildFile; fileRef = 4DF873CE2D5F92E80022B148 /* SubscribeDemo.swift */; };
		4DF873D12D5FB46C0022B148 /* AlignmentGuideDemo.swift in Sources */ = {isa = PBXBuildFile; fileRef = 4DF873D02D5FB46C0022B148 /* AlignmentGuideDemo.swift */; };
		4DF873D32D5FB9340022B148 /* VisualEffectDemo.swift in Sources */ = {isa = PBXBuildFile; fileRef = 4DF873D22D5FB9340022B148 /* VisualEffectDemo.swift */; };
/* End PBXBuildFile section */

/* Begin PBXFileReference section */
		4D082E132D4FD5B40078DB5B /* Appstorage.swift */ = {isa = PBXFileReference; lastKnownFileType = sourcecode.swift; path = Appstorage.swift; sourceTree = "<group>"; };
		4D082E482D501A260078DB5B /* AsyncImageDemo.swift */ = {isa = PBXFileReference; lastKnownFileType = sourcecode.swift; path = AsyncImageDemo.swift; sourceTree = "<group>"; };
		4D13B82D2D4E7B580028E258 /* ModelData.swift */ = {isa = PBXFileReference; lastKnownFileType = sourcecode.swift; path = ModelData.swift; sourceTree = "<group>"; };
		4D13B82F2D4E8AA80028E258 /* ViewModel(Main).swift */ = {isa = PBXFileReference; lastKnownFileType = sourcecode.swift; path = "ViewModel(Main).swift"; sourceTree = "<group>"; };
		4D13B8312D4EA36E0028E258 /* EnviorementObjectDemo(Main).swift */ = {isa = PBXFileReference; lastKnownFileType = sourcecode.swift; path = "EnviorementObjectDemo(Main).swift"; sourceTree = "<group>"; };
		4D15C3472D6334270062EF52 /* FIleManger.swift */ = {isa = PBXFileReference; lastKnownFileType = sourcecode.swift; path = FIleManger.swift; sourceTree = "<group>"; };
		4D15C3492D63BE370062EF52 /* FileManagerDemo.swift */ = {isa = PBXFileReference; lastKnownFileType = sourcecode.swift; path = FileManagerDemo.swift; sourceTree = "<group>"; };
		4D15C34B2D63D1CB0062EF52 /* CatchDemo.swift */ = {isa = PBXFileReference; lastKnownFileType = sourcecode.swift; path = CatchDemo.swift; sourceTree = "<group>"; };
		4D2AE5E82D4D3A6D00B42697 /* TextFieldDemo.swift */ = {isa = PBXFileReference; lastKnownFileType = sourcecode.swift; path = TextFieldDemo.swift; sourceTree = "<group>"; };
		4D2AE5EA2D4D437A00B42697 /* TextEditorDemo.swift */ = {isa = PBXFileReference; lastKnownFileType = sourcecode.swift; path = TextEditorDemo.swift; sourceTree = "<group>"; };
		4D2AE5EC2D4D478B00B42697 /* ToggleDemo.swift */ = {isa = PBXFileReference; lastKnownFileType = sourcecode.swift; path = ToggleDemo.swift; sourceTree = "<group>"; };
		4D2AE5EE2D4D497900B42697 /* ColorPickerDemo.swift */ = {isa = PBXFileReference; lastKnownFileType = sourcecode.swift; path = ColorPickerDemo.swift; sourceTree = "<group>"; };
		4D2AE5F02D4D505800B42697 /* StepperDemo.swift */ = {isa = PBXFileReference; lastKnownFileType = sourcecode.swift; path = StepperDemo.swift; sourceTree = "<group>"; };
		4D2AE5F22D4D557400B42697 /* SliderDemo.swift */ = {isa = PBXFileReference; lastKnownFileType = sourcecode.swift; path = SliderDemo.swift; sourceTree = "<group>"; };
		4D2AE5F42D4D5C9000B42697 /* DatePickerDemo.swift */ = {isa = PBXFileReference; lastKnownFileType = sourcecode.swift; path = DatePickerDemo.swift; sourceTree = "<group>"; };
		4D2AE5F62D4D61EE00B42697 /* PickerDemo.swift */ = {isa = PBXFileReference; lastKnownFileType = sourcecode.swift; path = PickerDemo.swift; sourceTree = "<group>"; };
		4D2AE5F82D4D69D600B42697 /* SegmentDemo.swift */ = {isa = PBXFileReference; lastKnownFileType = sourcecode.swift; path = SegmentDemo.swift; sourceTree = "<group>"; };
		4D32EF4A2D62190F001EBF70 /* ScrollViewPagingDemo.swift */ = {isa = PBXFileReference; lastKnownFileType = sourcecode.swift; path = ScrollViewPagingDemo.swift; sourceTree = "<group>"; };
		4D32EF4C2D622441001EBF70 /* ScrollViewPagingDemo2.swift */ = {isa = PBXFileReference; lastKnownFileType = sourcecode.swift; path = ScrollViewPagingDemo2.swift; sourceTree = "<group>"; };
		4D32EFC92D62309E001EBF70 /* AccessibilityDemo.swift */ = {isa = PBXFileReference; lastKnownFileType = sourcecode.swift; path = AccessibilityDemo.swift; sourceTree = "<group>"; };
		4D32EFCD2D62776E001EBF70 /* AccebilityVoiceDemo.swift */ = {isa = PBXFileReference; lastKnownFileType = sourcecode.swift; path = AccebilityVoiceDemo.swift; sourceTree = "<group>"; };
		4D3D3DC32D4CC9AD0041E451 /* ListDemo(Main).swift */ = {isa = PBXFileReference; lastKnownFileType = sourcecode.swift; path = "ListDemo(Main).swift"; sourceTree = "<group>"; };
		4D3D3DC52D4CCE840041E451 /* NavigationStackDemo(Main)).swift */ = {isa = PBXFileReference; lastKnownFileType = sourcecode.swift; path = "NavigationStackDemo(Main)).swift"; sourceTree = "<group>"; };
		4D3D3DC92D4CDA4C0041E451 /* ToolBarDemo(Main).swift */ = {isa = PBXFileReference; lastKnownFileType = sourcecode.swift; path = "ToolBarDemo(Main).swift"; sourceTree = "<group>"; };
		4D3D3DCB2D4CFD110041E451 /* AlertView(Main).swift */ = {isa = PBXFileReference; lastKnownFileType = sourcecode.swift; path = "AlertView(Main).swift"; sourceTree = "<group>"; };
		4D3D3DCD2D4D0A8A0041E451 /* ActionSheetDemo(Main).swift */ = {isa = PBXFileReference; lastKnownFileType = sourcecode.swift; path = "ActionSheetDemo(Main).swift"; sourceTree = "<group>"; };
		4D3D3DCF2D4D14930041E451 /* ContentmenuDemo.swift */ = {isa = PBXFileReference; lastKnownFileType = sourcecode.swift; path = ContentmenuDemo.swift; sourceTree = "<group>"; };
		4D4F35992D4B8D4600C095B5 /* StateDemo.swift */ = {isa = PBXFileReference; lastKnownFileType = sourcecode.swift; path = StateDemo.swift; sourceTree = "<group>"; };
		4D4F359B2D4B8D6500C095B5 /* BindingDemo.swift */ = {isa = PBXFileReference; lastKnownFileType = sourcecode.swift; path = BindingDemo.swift; sourceTree = "<group>"; };
		4D4F359D2D4B9D6300C095B5 /* ExtractedFunctions.swift */ = {isa = PBXFileReference; lastKnownFileType = sourcecode.swift; path = ExtractedFunctions.swift; sourceTree = "<group>"; };
		4D4F359F2D4BA0C000C095B5 /* ExtractSubviews.swift */ = {isa = PBXFileReference; lastKnownFileType = sourcecode.swift; path = ExtractSubviews.swift; sourceTree = "<group>"; };
		4D4F35A12D4BA84600C095B5 /* Conditional.swift */ = {isa = PBXFileReference; lastKnownFileType = sourcecode.swift; path = Conditional.swift; sourceTree = "<group>"; };
		4D4F35A32D4BACFA00C095B5 /* TurneryOperator.swift */ = {isa = PBXFileReference; lastKnownFileType = sourcecode.swift; path = TurneryOperator.swift; sourceTree = "<group>"; };
		4D4F35A52D4BB03E00C095B5 /* AnimationDemo(Main).swift */ = {isa = PBXFileReference; lastKnownFileType = sourcecode.swift; path = "AnimationDemo(Main).swift"; sourceTree = "<group>"; };
		4D4F35A72D4BBFE600C095B5 /* AnimationCurve(Main).swift */ = {isa = PBXFileReference; lastKnownFileType = sourcecode.swift; path = "AnimationCurve(Main).swift"; sourceTree = "<group>"; };
		4D4F35A92D4BC8BA00C095B5 /* TransitionAnimation(Main).swift */ = {isa = PBXFileReference; lastKnownFileType = sourcecode.swift; path = "TransitionAnimation(Main).swift"; sourceTree = "<group>"; };
		4D4F35AB2D4BCEA000C095B5 /* Sheets.swift */ = {isa = PBXFileReference; lastKnownFileType = sourcecode.swift; path = Sheets.swift; sourceTree = "<group>"; };
		4D4F35AF2D4BD40700C095B5 /* CustomPopover.swift */ = {isa = PBXFileReference; lastKnownFileType = sourcecode.swift; path = CustomPopover.swift; sourceTree = "<group>"; };
		4D5DF4C12D5915C200DD252A /* MaskDemo.swift */ = {isa = PBXFileReference; lastKnownFileType = sourcecode.swift; path = MaskDemo.swift; sourceTree = "<group>"; };
		4D5DF4C32D5919EE00DD252A /* AddSoundEffectDemo.swift */ = {isa = PBXFileReference; lastKnownFileType = sourcecode.swift; path = AddSoundEffectDemo.swift; sourceTree = "<group>"; };
		4D5DF4C62D591E4000DD252A /* badum.mp3 */ = {isa = PBXFileReference; lastKnownFileType = audio.mp3; path = badum.mp3; sourceTree = "<group>"; };
		4D5DF4C72D591E4000DD252A /* tada.mp3 */ = {isa = PBXFileReference; lastKnownFileType = audio.mp3; path = tada.mp3; sourceTree = "<group>"; };
		4D5DF4CA2D59214000DD252A /* HapticsDemo.swift */ = {isa = PBXFileReference; lastKnownFileType = sourcecode.swift; path = HapticsDemo.swift; sourceTree = "<group>"; };
		4D5DF4CC2D59277300DD252A /* LocalNotificationDemo.swift */ = {isa = PBXFileReference; lastKnownFileType = sourcecode.swift; path = LocalNotificationDemo.swift; sourceTree = "<group>"; };
		4D684A772D4DDD29009C33D5 /* TabBarView.swift */ = {isa = PBXFileReference; lastKnownFileType = sourcecode.swift; path = TabBarView.swift; sourceTree = "<group>"; };
		4D684A792D4DE2FC009C33D5 /* PageViewDemo.swift */ = {isa = PBXFileReference; lastKnownFileType = sourcecode.swift; path = PageViewDemo.swift; sourceTree = "<group>"; };
		4D684A7B2D4DE736009C33D5 /* DarkModeDemo.swift */ = {isa = PBXFileReference; lastKnownFileType = sourcecode.swift; path = DarkModeDemo.swift; sourceTree = "<group>"; };
		4D6CDB5F2D4E598E001257D0 /* Onappear.swift */ = {isa = PBXFileReference; lastKnownFileType = sourcecode.swift; path = Onappear.swift; sourceTree = "<group>"; };
		4D6CDB612D4E6FDA001257D0 /* TapGesture.swift */ = {isa = PBXFileReference; lastKnownFileType = sourcecode.swift; path = TapGesture.swift; sourceTree = "<group>"; };
		4D8793472D5DBE5000CB3072 /* CodableDemo.swift */ = {isa = PBXFileReference; lastKnownFileType = sourcecode.swift; path = CodableDemo.swift; sourceTree = "<group>"; };
		4D8793492D5E09A300CB3072 /* DownloadWithEscapingDemo.swift */ = {isa = PBXFileReference; lastKnownFileType = sourcecode.swift; path = DownloadWithEscapingDemo.swift; sourceTree = "<group>"; };
		4D87934B2D5E1B3400CB3072 /* DownloadWithCombine.swift */ = {isa = PBXFileReference; lastKnownFileType = sourcecode.swift; path = DownloadWithCombine.swift; sourceTree = "<group>"; };
		4D87934D2D5E35B200CB3072 /* TimerDemo.swift */ = {isa = PBXFileReference; lastKnownFileType = sourcecode.swift; path = TimerDemo.swift; sourceTree = "<group>"; };
		4D87934F2D5E393000CB3072 /* TimerDemo2.swift */ = {isa = PBXFileReference; lastKnownFileType = sourcecode.swift; path = TimerDemo2.swift; sourceTree = "<group>"; };
		4D8793512D5E3EAE00CB3072 /* Timer3.swift */ = {isa = PBXFileReference; lastKnownFileType = sourcecode.swift; path = Timer3.swift; sourceTree = "<group>"; };
		4D8793532D5E596900CB3072 /* Timer4.swift */ = {isa = PBXFileReference; lastKnownFileType = sourcecode.swift; path = Timer4.swift; sourceTree = "<group>"; };
		4D8793552D5E68A500CB3072 /* Timer5.swift */ = {isa = PBXFileReference; lastKnownFileType = sourcecode.swift; path = Timer5.swift; sourceTree = "<group>"; };
		4D8E4AB62D5CC2A4007A0698 /* BackgroundThreadDemo.swift */ = {isa = PBXFileReference; lastKnownFileType = sourcecode.swift; path = BackgroundThreadDemo.swift; sourceTree = "<group>"; };
		4D92A1A62D5299FF00EB74E6 /* AnimationUpdateDemo.swift */ = {isa = PBXFileReference; lastKnownFileType = sourcecode.swift; path = AnimationUpdateDemo.swift; sourceTree = "<group>"; };
		4D92A1A82D52A07900EB74E6 /* NativePopOverDemo.swift */ = {isa = PBXFileReference; lastKnownFileType = sourcecode.swift; path = NativePopOverDemo.swift; sourceTree = "<group>"; };
		4D92A1AA2D52A68200EB74E6 /* AnyLayoutDemo.swift */ = {isa = PBXFileReference; lastKnownFileType = sourcecode.swift; path = AnyLayoutDemo.swift; sourceTree = "<group>"; };
		4D92A1AC2D532BD200EB74E6 /* ViewThatfitsDemo.swift */ = {isa = PBXFileReference; lastKnownFileType = sourcecode.swift; path = ViewThatfitsDemo.swift; sourceTree = "<group>"; };
		4D92A1AE2D5392EF00EB74E6 /* NavigationSplitViewDemo.swift */ = {isa = PBXFileReference; lastKnownFileType = sourcecode.swift; path = NavigationSplitViewDemo.swift; sourceTree = "<group>"; };
		4D92A1B22D53B27C00EB74E6 /* GridViewDemo.swift */ = {isa = PBXFileReference; lastKnownFileType = sourcecode.swift; path = GridViewDemo.swift; sourceTree = "<group>"; };
		4D92A1B42D53CDDD00EB74E6 /* ContentUnavailableViewDemo.swift */ = {isa = PBXFileReference; lastKnownFileType = sourcecode.swift; path = ContentUnavailableViewDemo.swift; sourceTree = "<group>"; };
		4D92A1B62D53D41200EB74E6 /* ControlGroupMenuDemo.swift */ = {isa = PBXFileReference; lastKnownFileType = sourcecode.swift; path = ControlGroupMenuDemo.swift; sourceTree = "<group>"; };
		4D9E236B2D527640006329E8 /* ResizableSheetsDemo.swift */ = {isa = PBXFileReference; lastKnownFileType = sourcecode.swift; path = ResizableSheetsDemo.swift; sourceTree = "<group>"; };
		4DA4D13D2D59EDB90075A105 /* HashableDemo.swift */ = {isa = PBXFileReference; lastKnownFileType = sourcecode.swift; path = HashableDemo.swift; sourceTree = "<group>"; };
		4DA4D13F2D59F2850075A105 /* HighOrderFunctionDemo.swift */ = {isa = PBXFileReference; lastKnownFileType = sourcecode.swift; path = HighOrderFunctionDemo.swift; sourceTree = "<group>"; };
		4DADC4052D4A63ED00809279 /* LearningSwiftUI.app */ = {isa = PBXFileReference; explicitFileType = wrapper.application; includeInIndex = 0; path = LearningSwiftUI.app; sourceTree = BUILT_PRODUCTS_DIR; };
		4DADC42F2D4A658100809279 /* Preview Assets.xcassets */ = {isa = PBXFileReference; lastKnownFileType = folder.assetcatalog; path = "Preview Assets.xcassets"; sourceTree = "<group>"; };
		4DADC4312D4A658100809279 /* Assets.xcassets */ = {isa = PBXFileReference; lastKnownFileType = folder.assetcatalog; path = Assets.xcassets; sourceTree = "<group>"; };
		4DADC4322D4A658100809279 /* Colors.swift */ = {isa = PBXFileReference; lastKnownFileType = sourcecode.swift; path = Colors.swift; sourceTree = "<group>"; };
		4DADC4342D4A658100809279 /* Gradient.swift */ = {isa = PBXFileReference; lastKnownFileType = sourcecode.swift; path = Gradient.swift; sourceTree = "<group>"; };
		4DADC4352D4A658100809279 /* LearningSwiftUIApp.swift */ = {isa = PBXFileReference; lastKnownFileType = sourcecode.swift; path = LearningSwiftUIApp.swift; sourceTree = "<group>"; };
		4DADC4362D4A658100809279 /* Shapes.swift */ = {isa = PBXFileReference; lastKnownFileType = sourcecode.swift; path = Shapes.swift; sourceTree = "<group>"; };
		4DADC4372D4A658100809279 /* TextDemo.swift */ = {isa = PBXFileReference; lastKnownFileType = sourcecode.swift; path = TextDemo.swift; sourceTree = "<group>"; };
		4DADC4412D4A65DA00809279 /* SystemIcons.swift */ = {isa = PBXFileReference; lastKnownFileType = sourcecode.swift; path = SystemIcons.swift; sourceTree = "<group>"; };
		4DADC4452D4A6DD500809279 /* Images.swift */ = {isa = PBXFileReference; lastKnownFileType = sourcecode.swift; path = Images.swift; sourceTree = "<group>"; };
		4DADC4472D4A738A00809279 /* Frame(Main).swift */ = {isa = PBXFileReference; lastKnownFileType = sourcecode.swift; path = "Frame(Main).swift"; sourceTree = "<group>"; };
		4DADC4492D4A7A9200809279 /* Background(Main).swift */ = {isa = PBXFileReference; lastKnownFileType = sourcecode.swift; path = "Background(Main).swift"; sourceTree = "<group>"; };
		4DADC44D2D4A7D3100809279 /* Overlay(Main).swift */ = {isa = PBXFileReference; lastKnownFileType = sourcecode.swift; path = "Overlay(Main).swift"; sourceTree = "<group>"; };
		4DADC44F2D4A88A600809279 /* Stacks.swift */ = {isa = PBXFileReference; lastKnownFileType = sourcecode.swift; path = Stacks.swift; sourceTree = "<group>"; };
		4DADC4512D4AA36D00809279 /* Padding.swift */ = {isa = PBXFileReference; lastKnownFileType = sourcecode.swift; path = Padding.swift; sourceTree = "<group>"; };
		4DADC4532D4AAA0F00809279 /* Spacer.swift */ = {isa = PBXFileReference; lastKnownFileType = sourcecode.swift; path = Spacer.swift; sourceTree = "<group>"; };
		4DADC4552D4AAFDD00809279 /* InitAndEnum.swift */ = {isa = PBXFileReference; lastKnownFileType = sourcecode.swift; path = InitAndEnum.swift; sourceTree = "<group>"; };
		4DADC4572D4AB72900809279 /* ForEachLoop.swift */ = {isa = PBXFileReference; lastKnownFileType = sourcecode.swift; path = ForEachLoop.swift; sourceTree = "<group>"; };
		4DADC4592D4ABC6A00809279 /* ScrollViewDemo1.swift */ = {isa = PBXFileReference; lastKnownFileType = sourcecode.swift; path = ScrollViewDemo1.swift; sourceTree = "<group>"; };
		4DADC45B2D4AC01500809279 /* ScrollViewDemo2.swift */ = {isa = PBXFileReference; lastKnownFileType = sourcecode.swift; path = ScrollViewDemo2.swift; sourceTree = "<group>"; };
		4DADC45D2D4B472200809279 /* GridItemsFixed(Main).swift */ = {isa = PBXFileReference; lastKnownFileType = sourcecode.swift; path = "GridItemsFixed(Main).swift"; sourceTree = "<group>"; };
		4DADC45F2D4B57CC00809279 /* GridItemFlexible(Main).swift */ = {isa = PBXFileReference; lastKnownFileType = sourcecode.swift; path = "GridItemFlexible(Main).swift"; sourceTree = "<group>"; };
		4DADC4612D4B591500809279 /* GridItemsAdaptive(Main).swift */ = {isa = PBXFileReference; lastKnownFileType = sourcecode.swift; path = "GridItemsAdaptive(Main).swift"; sourceTree = "<group>"; };
		4DADC4632D4B5B0700809279 /* GridItemsFixed2(Main).swift */ = {isa = PBXFileReference; lastKnownFileType = sourcecode.swift; path = "GridItemsFixed2(Main).swift"; sourceTree = "<group>"; };
		4DADC4652D4B68D100809279 /* SafeArea.swift */ = {isa = PBXFileReference; lastKnownFileType = sourcecode.swift; path = SafeArea.swift; sourceTree = "<group>"; };
		4DADC4672D4B7AFB00809279 /* SafeAreaDemo2.swift */ = {isa = PBXFileReference; lastKnownFileType = sourcecode.swift; path = SafeAreaDemo2.swift; sourceTree = "<group>"; };
		4DADC4692D4B7F7600809279 /* Buttons.swift */ = {isa = PBXFileReference; lastKnownFileType = sourcecode.swift; path = Buttons.swift; sourceTree = "<group>"; };
		4DB185E82D513C2600A41C94 /* BackgroundMaterial.swift */ = {isa = PBXFileReference; lastKnownFileType = sourcecode.swift; path = BackgroundMaterial.swift; sourceTree = "<group>"; };
		4DB185EA2D514CF000A41C94 /* TextSelectionDemo.swift */ = {isa = PBXFileReference; lastKnownFileType = sourcecode.swift; path = TextSelectionDemo.swift; sourceTree = "<group>"; };
		4DB185EC2D514F5800A41C94 /* ButtonStyleDemo.swift */ = {isa = PBXFileReference; lastKnownFileType = sourcecode.swift; path = ButtonStyleDemo.swift; sourceTree = "<group>"; };
		4DB185EE2D51525F00A41C94 /* SwipeActionDemo.swift */ = {isa = PBXFileReference; lastKnownFileType = sourcecode.swift; path = SwipeActionDemo.swift; sourceTree = "<group>"; };
		4DB185F02D5155AA00A41C94 /* TabViewBadgesDemo.swift */ = {isa = PBXFileReference; lastKnownFileType = sourcecode.swift; path = TabViewBadgesDemo.swift; sourceTree = "<group>"; };
		4DB185F22D51576600A41C94 /* ListViewBadgesDemo.swift */ = {isa = PBXFileReference; lastKnownFileType = sourcecode.swift; path = ListViewBadgesDemo.swift; sourceTree = "<group>"; };
		4DB185F42D5157D600A41C94 /* FocusStateDemo.swift */ = {isa = PBXFileReference; lastKnownFileType = sourcecode.swift; path = FocusStateDemo.swift; sourceTree = "<group>"; };
		4DB185F62D515F9600A41C94 /* SubmitTextFieldDemo.swift */ = {isa = PBXFileReference; lastKnownFileType = sourcecode.swift; path = SubmitTextFieldDemo.swift; sourceTree = "<group>"; };
		4DB185F82D5160EE00A41C94 /* SafeAreaInsetsDemo.swift */ = {isa = PBXFileReference; lastKnownFileType = sourcecode.swift; path = SafeAreaInsetsDemo.swift; sourceTree = "<group>"; };
		4DB185FA2D5163C800A41C94 /* GroupDemo.swift */ = {isa = PBXFileReference; lastKnownFileType = sourcecode.swift; path = GroupDemo.swift; sourceTree = "<group>"; };
		4DB185FC2D51658800A41C94 /* MenuDemo.swift */ = {isa = PBXFileReference; lastKnownFileType = sourcecode.swift; path = MenuDemo.swift; sourceTree = "<group>"; };
		4DCE097A2D570C3700E1A953 /* LogPressGestureDemo.swift */ = {isa = PBXFileReference; lastKnownFileType = sourcecode.swift; path = LogPressGestureDemo.swift; sourceTree = "<group>"; };
		4DCE097C2D57118D00E1A953 /* MagnificationGestureDemo.swift */ = {isa = PBXFileReference; lastKnownFileType = sourcecode.swift; path = MagnificationGestureDemo.swift; sourceTree = "<group>"; };
		4DCE097E2D57179100E1A953 /* RotationGestureDemo.swift */ = {isa = PBXFileReference; lastKnownFileType = sourcecode.swift; path = RotationGestureDemo.swift; sourceTree = "<group>"; };
		4DCE09802D571A6700E1A953 /* DragGestureDemo.swift */ = {isa = PBXFileReference; lastKnownFileType = sourcecode.swift; path = DragGestureDemo.swift; sourceTree = "<group>"; };
		4DCE09822D57C9CB00E1A953 /* DragGestureDemo2.swift */ = {isa = PBXFileReference; lastKnownFileType = sourcecode.swift; path = DragGestureDemo2.swift; sourceTree = "<group>"; };
		4DCE09842D57D42700E1A953 /* ScrollViewReaderDemo.swift */ = {isa = PBXFileReference; lastKnownFileType = sourcecode.swift; path = ScrollViewReaderDemo.swift; sourceTree = "<group>"; };
		4DCE09862D57DB8700E1A953 /* GeometryReaderDemo.swift */ = {isa = PBXFileReference; lastKnownFileType = sourcecode.swift; path = GeometryReaderDemo.swift; sourceTree = "<group>"; };
		4DCE09882D57E7BA00E1A953 /* GeometryReader2.swift */ = {isa = PBXFileReference; lastKnownFileType = sourcecode.swift; path = GeometryReader2.swift; sourceTree = "<group>"; };
		4DCE098A2D57EABD00E1A953 /* MultipleSheetsDemo.swift */ = {isa = PBXFileReference; lastKnownFileType = sourcecode.swift; path = MultipleSheetsDemo.swift; sourceTree = "<group>"; };
		4DD682C02D5CDB8000D72B21 /* WeakSelfDemo.swift */ = {isa = PBXFileReference; lastKnownFileType = sourcecode.swift; path = WeakSelfDemo.swift; sourceTree = "<group>"; };
		4DD682C32D5CE3CE00D72B21 /* TypealiasDemo.swift */ = {isa = PBXFileReference; lastKnownFileType = sourcecode.swift; path = TypealiasDemo.swift; sourceTree = "<group>"; };
		4DD683262D5D172A00D72B21 /* EscapingDemo.swift */ = {isa = PBXFileReference; lastKnownFileType = sourcecode.swift; path = EscapingDemo.swift; sourceTree = "<group>"; };
		4DF873CE2D5F92E80022B148 /* SubscribeDemo.swift */ = {isa = PBXFileReference; lastKnownFileType = sourcecode.swift; path = SubscribeDemo.swift; sourceTree = "<group>"; };
		4DF873D02D5FB46C0022B148 /* AlignmentGuideDemo.swift */ = {isa = PBXFileReference; lastKnownFileType = sourcecode.swift; path = AlignmentGuideDemo.swift; sourceTree = "<group>"; };
		4DF873D22D5FB9340022B148 /* VisualEffectDemo.swift */ = {isa = PBXFileReference; lastKnownFileType = sourcecode.swift; path = VisualEffectDemo.swift; sourceTree = "<group>"; };
/* End PBXFileReference section */

/* Begin PBXFrameworksBuildPhase section */
		4DADC4022D4A63ED00809279 /* Frameworks */ = {
			isa = PBXFrameworksBuildPhase;
			buildActionMask = 2147483647;
			files = (
			);
			runOnlyForDeploymentPostprocessing = 0;
		};
/* End PBXFrameworksBuildPhase section */

/* Begin PBXGroup section */
		4D5DF4C52D591E2D00DD252A /* Sounds */ = {
			isa = PBXGroup;
			children = (
				4D5DF4C62D591E4000DD252A /* badum.mp3 */,
				4D5DF4C72D591E4000DD252A /* tada.mp3 */,
			);
			path = Sounds;
			sourceTree = "<group>";
		};
		4DADC3FC2D4A63ED00809279 = {
			isa = PBXGroup;
			children = (
				4DADC4382D4A658100809279 /* LearningSwiftUI */,
				4DADC4062D4A63ED00809279 /* Products */,
			);
			sourceTree = "<group>";
		};
		4DADC4062D4A63ED00809279 /* Products */ = {
			isa = PBXGroup;
			children = (
				4DADC4052D4A63ED00809279 /* LearningSwiftUI.app */,
			);
			name = Products;
			sourceTree = "<group>";
		};
		4DADC4302D4A658100809279 /* Preview Content */ = {
			isa = PBXGroup;
			children = (
				4DADC42F2D4A658100809279 /* Preview Assets.xcassets */,
			);
			path = "Preview Content";
			sourceTree = "<group>";
		};
		4DADC4382D4A658100809279 /* LearningSwiftUI */ = {
			isa = PBXGroup;
			children = (
				4DADC4352D4A658100809279 /* LearningSwiftUIApp.swift */,
				4DADC4302D4A658100809279 /* Preview Content */,
				4DADC4312D4A658100809279 /* Assets.xcassets */,
				4D5DF4C52D591E2D00DD252A /* Sounds */,
				4DADC4372D4A658100809279 /* TextDemo.swift */,
				4DADC4362D4A658100809279 /* Shapes.swift */,
				4DADC4322D4A658100809279 /* Colors.swift */,
				4DADC4342D4A658100809279 /* Gradient.swift */,
				4DADC4412D4A65DA00809279 /* SystemIcons.swift */,
				4DADC4452D4A6DD500809279 /* Images.swift */,
				4DADC4472D4A738A00809279 /* Frame(Main).swift */,
				4DADC4492D4A7A9200809279 /* Background(Main).swift */,
				4DADC44D2D4A7D3100809279 /* Overlay(Main).swift */,
				4DADC44F2D4A88A600809279 /* Stacks.swift */,
				4DADC4512D4AA36D00809279 /* Padding.swift */,
				4DADC4532D4AAA0F00809279 /* Spacer.swift */,
				4DADC4552D4AAFDD00809279 /* InitAndEnum.swift */,
				4DADC4572D4AB72900809279 /* ForEachLoop.swift */,
				4DADC4592D4ABC6A00809279 /* ScrollViewDemo1.swift */,
				4DADC45B2D4AC01500809279 /* ScrollViewDemo2.swift */,
				4DADC45D2D4B472200809279 /* GridItemsFixed(Main).swift */,
				4D92A1B22D53B27C00EB74E6 /* GridViewDemo.swift */,
				4DADC45F2D4B57CC00809279 /* GridItemFlexible(Main).swift */,
				4DADC4612D4B591500809279 /* GridItemsAdaptive(Main).swift */,
				4DADC4632D4B5B0700809279 /* GridItemsFixed2(Main).swift */,
				4DADC4652D4B68D100809279 /* SafeArea.swift */,
				4DADC4672D4B7AFB00809279 /* SafeAreaDemo2.swift */,
				4DADC4692D4B7F7600809279 /* Buttons.swift */,
				4D4F35992D4B8D4600C095B5 /* StateDemo.swift */,
				4D4F359D2D4B9D6300C095B5 /* ExtractedFunctions.swift */,
				4D4F359F2D4BA0C000C095B5 /* ExtractSubviews.swift */,
				4D4F359B2D4B8D6500C095B5 /* BindingDemo.swift */,
				4D4F35A12D4BA84600C095B5 /* Conditional.swift */,
				4D4F35A32D4BACFA00C095B5 /* TurneryOperator.swift */,
				4D4F35A52D4BB03E00C095B5 /* AnimationDemo(Main).swift */,
				4D92A1A62D5299FF00EB74E6 /* AnimationUpdateDemo.swift */,
				4D4F35A72D4BBFE600C095B5 /* AnimationCurve(Main).swift */,
				4D4F35A92D4BC8BA00C095B5 /* TransitionAnimation(Main).swift */,
				4D4F35AB2D4BCEA000C095B5 /* Sheets.swift */,
				4D4F35AF2D4BD40700C095B5 /* CustomPopover.swift */,
				4D3D3DC52D4CCE840041E451 /* NavigationStackDemo(Main)).swift */,
				4D3D3DC92D4CDA4C0041E451 /* ToolBarDemo(Main).swift */,
				4D3D3DC32D4CC9AD0041E451 /* ListDemo(Main).swift */,
				4D3D3DCB2D4CFD110041E451 /* AlertView(Main).swift */,
				4D3D3DCD2D4D0A8A0041E451 /* ActionSheetDemo(Main).swift */,
				4D3D3DCF2D4D14930041E451 /* ContentmenuDemo.swift */,
				4D2AE5E82D4D3A6D00B42697 /* TextFieldDemo.swift */,
				4DB185F62D515F9600A41C94 /* SubmitTextFieldDemo.swift */,
				4D2AE5EA2D4D437A00B42697 /* TextEditorDemo.swift */,
				4D2AE5EC2D4D478B00B42697 /* ToggleDemo.swift */,
				4D2AE5EE2D4D497900B42697 /* ColorPickerDemo.swift */,
				4D2AE5F02D4D505800B42697 /* StepperDemo.swift */,
				4D2AE5F22D4D557400B42697 /* SliderDemo.swift */,
				4D2AE5F42D4D5C9000B42697 /* DatePickerDemo.swift */,
				4D2AE5F82D4D69D600B42697 /* SegmentDemo.swift */,
				4D2AE5F62D4D61EE00B42697 /* PickerDemo.swift */,
				4D684A772D4DDD29009C33D5 /* TabBarView.swift */,
				4D684A792D4DE2FC009C33D5 /* PageViewDemo.swift */,
				4D684A7B2D4DE736009C33D5 /* DarkModeDemo.swift */,
				4D6CDB5F2D4E598E001257D0 /* Onappear.swift */,
				4D6CDB612D4E6FDA001257D0 /* TapGesture.swift */,
				4D13B82D2D4E7B580028E258 /* ModelData.swift */,
				4D13B82F2D4E8AA80028E258 /* ViewModel(Main).swift */,
				4D082E132D4FD5B40078DB5B /* Appstorage.swift */,
				4D082E482D501A260078DB5B /* AsyncImageDemo.swift */,
				4D13B8312D4EA36E0028E258 /* EnviorementObjectDemo(Main).swift */,
				4DB185E82D513C2600A41C94 /* BackgroundMaterial.swift */,
				4DB185EA2D514CF000A41C94 /* TextSelectionDemo.swift */,
				4DB185EC2D514F5800A41C94 /* ButtonStyleDemo.swift */,
				4DB185EE2D51525F00A41C94 /* SwipeActionDemo.swift */,
				4DB185F02D5155AA00A41C94 /* TabViewBadgesDemo.swift */,
				4DB185F22D51576600A41C94 /* ListViewBadgesDemo.swift */,
				4DB185F42D5157D600A41C94 /* FocusStateDemo.swift */,
				4DB185F82D5160EE00A41C94 /* SafeAreaInsetsDemo.swift */,
				4DB185FA2D5163C800A41C94 /* GroupDemo.swift */,
				4DB185FC2D51658800A41C94 /* MenuDemo.swift */,
				4D9E236B2D527640006329E8 /* ResizableSheetsDemo.swift */,
				4D92A1A82D52A07900EB74E6 /* NativePopOverDemo.swift */,
				4D92A1AA2D52A68200EB74E6 /* AnyLayoutDemo.swift */,
				4D92A1AC2D532BD200EB74E6 /* ViewThatfitsDemo.swift */,
				4D92A1AE2D5392EF00EB74E6 /* NavigationSplitViewDemo.swift */,
				4D92A1B42D53CDDD00EB74E6 /* ContentUnavailableViewDemo.swift */,
				4D92A1B62D53D41200EB74E6 /* ControlGroupMenuDemo.swift */,
				4DCE097A2D570C3700E1A953 /* LogPressGestureDemo.swift */,
				4DCE097C2D57118D00E1A953 /* MagnificationGestureDemo.swift */,
				4DCE097E2D57179100E1A953 /* RotationGestureDemo.swift */,
				4DCE09802D571A6700E1A953 /* DragGestureDemo.swift */,
				4DCE09822D57C9CB00E1A953 /* DragGestureDemo2.swift */,
				4DCE09842D57D42700E1A953 /* ScrollViewReaderDemo.swift */,
				4DCE09862D57DB8700E1A953 /* GeometryReaderDemo.swift */,
				4DCE09882D57E7BA00E1A953 /* GeometryReader2.swift */,
				4DCE098A2D57EABD00E1A953 /* MultipleSheetsDemo.swift */,
				4D5DF4C12D5915C200DD252A /* MaskDemo.swift */,
				4D5DF4C32D5919EE00DD252A /* AddSoundEffectDemo.swift */,
				4D5DF4CA2D59214000DD252A /* HapticsDemo.swift */,
				4D5DF4CC2D59277300DD252A /* LocalNotificationDemo.swift */,
				4DF873D02D5FB46C0022B148 /* AlignmentGuideDemo.swift */,
				4DF873D22D5FB9340022B148 /* VisualEffectDemo.swift */,
				4D32EF4A2D62190F001EBF70 /* ScrollViewPagingDemo.swift */,
				4D32EF4C2D622441001EBF70 /* ScrollViewPagingDemo2.swift */,
				4D32EFC92D62309E001EBF70 /* AccessibilityDemo.swift */,
				4D32EFCD2D62776E001EBF70 /* AccebilityVoiceDemo.swift */,
				4D15C3472D6334270062EF52 /* FIleManger.swift */,
				4D15C3492D63BE370062EF52 /* FileManagerDemo.swift */,
				4D15C34B2D63D1CB0062EF52 /* CatchDemo.swift */,
				4DD682C22D5CDBBF00D72B21 /* AdvanceSwift */,
			);
			path = LearningSwiftUI;
			sourceTree = "<group>";
		};
		4DD682C22D5CDBBF00D72B21 /* AdvanceSwift */ = {
			isa = PBXGroup;
			children = (
				4DA4D13D2D59EDB90075A105 /* HashableDemo.swift */,
				4DA4D13F2D59F2850075A105 /* HighOrderFunctionDemo.swift */,
				4D8E4AB62D5CC2A4007A0698 /* BackgroundThreadDemo.swift */,
				4DD682C02D5CDB8000D72B21 /* WeakSelfDemo.swift */,
				4DD682C32D5CE3CE00D72B21 /* TypealiasDemo.swift */,
				4DD683262D5D172A00D72B21 /* EscapingDemo.swift */,
				4D8793472D5DBE5000CB3072 /* CodableDemo.swift */,
				4D8793492D5E09A300CB3072 /* DownloadWithEscapingDemo.swift */,
				4D87934B2D5E1B3400CB3072 /* DownloadWithCombine.swift */,
				4D87934D2D5E35B200CB3072 /* TimerDemo.swift */,
				4D87934F2D5E393000CB3072 /* TimerDemo2.swift */,
				4D8793512D5E3EAE00CB3072 /* Timer3.swift */,
				4D8793532D5E596900CB3072 /* Timer4.swift */,
				4D8793552D5E68A500CB3072 /* Timer5.swift */,
				4DF873CE2D5F92E80022B148 /* SubscribeDemo.swift */,
			);
			path = AdvanceSwift;
			sourceTree = "<group>";
		};
/* End PBXGroup section */

/* Begin PBXNativeTarget section */
		4DADC4042D4A63ED00809279 /* LearningSwiftUI */ = {
			isa = PBXNativeTarget;
			buildConfigurationList = 4DADC4132D4A63F000809279 /* Build configuration list for PBXNativeTarget "LearningSwiftUI" */;
			buildPhases = (
				4DADC4012D4A63ED00809279 /* Sources */,
				4DADC4022D4A63ED00809279 /* Frameworks */,
				4DADC4032D4A63ED00809279 /* Resources */,
			);
			buildRules = (
			);
			dependencies = (
			);
			name = LearningSwiftUI;
			packageProductDependencies = (
			);
			productName = LearningSwiftUI;
			productReference = 4DADC4052D4A63ED00809279 /* LearningSwiftUI.app */;
			productType = "com.apple.product-type.application";
		};
/* End PBXNativeTarget section */

/* Begin PBXProject section */
		4DADC3FD2D4A63ED00809279 /* Project object */ = {
			isa = PBXProject;
			attributes = {
				BuildIndependentTargetsInParallel = 1;
				LastSwiftUpdateCheck = 1620;
				LastUpgradeCheck = 1620;
				TargetAttributes = {
					4DADC4042D4A63ED00809279 = {
						CreatedOnToolsVersion = 16.2;
					};
				};
			};
			buildConfigurationList = 4DADC4002D4A63ED00809279 /* Build configuration list for PBXProject "LearningSwiftUI" */;
			developmentRegion = en;
			hasScannedForEncodings = 0;
			knownRegions = (
				en,
				Base,
			);
			mainGroup = 4DADC3FC2D4A63ED00809279;
			minimizedProjectReferenceProxies = 1;
			preferredProjectObjectVersion = 77;
			productRefGroup = 4DADC4062D4A63ED00809279 /* Products */;
			projectDirPath = "";
			projectRoot = "";
			targets = (
				4DADC4042D4A63ED00809279 /* LearningSwiftUI */,
			);
		};
/* End PBXProject section */

/* Begin PBXResourcesBuildPhase section */
		4DADC4032D4A63ED00809279 /* Resources */ = {
			isa = PBXResourcesBuildPhase;
			buildActionMask = 2147483647;
			files = (
				4DADC43F2D4A658100809279 /* Preview Assets.xcassets in Resources */,
				4DADC4402D4A658100809279 /* Assets.xcassets in Resources */,
				4D5DF4C82D591E4000DD252A /* tada.mp3 in Resources */,
				4D5DF4C92D591E4000DD252A /* badum.mp3 in Resources */,
			);
			runOnlyForDeploymentPostprocessing = 0;
		};
/* End PBXResourcesBuildPhase section */

/* Begin PBXSourcesBuildPhase section */
		4DADC4012D4A63ED00809279 /* Sources */ = {
			isa = PBXSourcesBuildPhase;
			buildActionMask = 2147483647;
			files = (
				4D082E142D4FD5B40078DB5B /* Appstorage.swift in Sources */,
				4DD682C42D5CE3CE00D72B21 /* TypealiasDemo.swift in Sources */,
				4DCE097D2D57118D00E1A953 /* MagnificationGestureDemo.swift in Sources */,
				4DADC45C2D4AC01500809279 /* ScrollViewDemo2.swift in Sources */,
				4DB185FD2D51658800A41C94 /* MenuDemo.swift in Sources */,
				4D2AE5F92D4D69D600B42697 /* SegmentDemo.swift in Sources */,
				4DADC4462D4A6DD500809279 /* Images.swift in Sources */,
				4D87934C2D5E1B3400CB3072 /* DownloadWithCombine.swift in Sources */,
				4DD682C12D5CDB8000D72B21 /* WeakSelfDemo.swift in Sources */,
				4DADC44A2D4A7A9200809279 /* Background(Main).swift in Sources */,
				4DCE09892D57E7BA00E1A953 /* GeometryReader2.swift in Sources */,
				4D8793482D5DBE5000CB3072 /* CodableDemo.swift in Sources */,
				4D9E236C2D527640006329E8 /* ResizableSheetsDemo.swift in Sources */,
				4D2AE5E92D4D3A6D00B42697 /* TextFieldDemo.swift in Sources */,
				4D3D3DCE2D4D0A8A0041E451 /* ActionSheetDemo(Main).swift in Sources */,
				4D15C34A2D63BE370062EF52 /* FileManagerDemo.swift in Sources */,
				4D4F35A02D4BA0C000C095B5 /* ExtractSubviews.swift in Sources */,
				4D13B8302D4E8AA80028E258 /* ViewModel(Main).swift in Sources */,
				4D32EFCA2D62309E001EBF70 /* AccessibilityDemo.swift in Sources */,
				4DADC44E2D4A7D3100809279 /* Overlay(Main).swift in Sources */,
				4D4F35A62D4BB03E00C095B5 /* AnimationDemo(Main).swift in Sources */,
				4D92A1AF2D5392EF00EB74E6 /* NavigationSplitViewDemo.swift in Sources */,
				4DADC4582D4AB72900809279 /* ForEachLoop.swift in Sources */,
				4D13B8322D4EA36E0028E258 /* EnviorementObjectDemo(Main).swift in Sources */,
				4D2AE5ED2D4D478B00B42697 /* ToggleDemo.swift in Sources */,
				4D87934E2D5E35B200CB3072 /* TimerDemo.swift in Sources */,
				4D8793562D5E68A500CB3072 /* Timer5.swift in Sources */,
				4D32EF4B2D62190F001EBF70 /* ScrollViewPagingDemo.swift in Sources */,
				4DB185ED2D514F5800A41C94 /* ButtonStyleDemo.swift in Sources */,
				4D15C34C2D63D1CB0062EF52 /* CatchDemo.swift in Sources */,
				4D15C3482D6334270062EF52 /* FIleManger.swift in Sources */,
				4DADC4662D4B68D100809279 /* SafeArea.swift in Sources */,
				4D3D3DCC2D4CFD110041E451 /* AlertView(Main).swift in Sources */,
				4DB185F12D5155AA00A41C94 /* TabViewBadgesDemo.swift in Sources */,
				4D13B82E2D4E7B580028E258 /* ModelData.swift in Sources */,
				4DADC4542D4AAA0F00809279 /* Spacer.swift in Sources */,
				4D4F359C2D4B8D6500C095B5 /* BindingDemo.swift in Sources */,
				4D3D3DC62D4CCE850041E451 /* NavigationStackDemo(Main)).swift in Sources */,
				4DADC4682D4B7AFB00809279 /* SafeAreaDemo2.swift in Sources */,
				4DA4D1402D59F2850075A105 /* HighOrderFunctionDemo.swift in Sources */,
				4D684A7A2D4DE2FC009C33D5 /* PageViewDemo.swift in Sources */,
				4D92A1A72D5299FF00EB74E6 /* AnimationUpdateDemo.swift in Sources */,
				4DB185F52D5157D600A41C94 /* FocusStateDemo.swift in Sources */,
				4D2AE5F72D4D61EE00B42697 /* PickerDemo.swift in Sources */,
				4D92A1B32D53B27C00EB74E6 /* GridViewDemo.swift in Sources */,
				4DCE09832D57C9CB00E1A953 /* DragGestureDemo2.swift in Sources */,
				4D8793522D5E3EAE00CB3072 /* Timer3.swift in Sources */,
				4DCE09812D571A6700E1A953 /* DragGestureDemo.swift in Sources */,
				4D8793542D5E596900CB3072 /* Timer4.swift in Sources */,
				4DADC45E2D4B472200809279 /* GridItemsFixed(Main).swift in Sources */,
				4D4F35A42D4BACFA00C095B5 /* TurneryOperator.swift in Sources */,
				4DADC45A2D4ABC6A00809279 /* ScrollViewDemo1.swift in Sources */,
				4D5DF4CB2D59214000DD252A /* HapticsDemo.swift in Sources */,
				4D32EF4D2D622441001EBF70 /* ScrollViewPagingDemo2.swift in Sources */,
				4D8793502D5E393000CB3072 /* TimerDemo2.swift in Sources */,
				4D32EFCE2D62776E001EBF70 /* AccebilityVoiceDemo.swift in Sources */,
				4D87934A2D5E09A300CB3072 /* DownloadWithEscapingDemo.swift in Sources */,
				4DCE09852D57D42700E1A953 /* ScrollViewReaderDemo.swift in Sources */,
				4DD683272D5D172A00D72B21 /* EscapingDemo.swift in Sources */,
				4D5DF4CD2D59277300DD252A /* LocalNotificationDemo.swift in Sources */,
				4DB185EF2D51525F00A41C94 /* SwipeActionDemo.swift in Sources */,
				4D6CDB622D4E6FDA001257D0 /* TapGesture.swift in Sources */,
				4DF873D32D5FB9340022B148 /* VisualEffectDemo.swift in Sources */,
				4DCE097B2D570C3700E1A953 /* LogPressGestureDemo.swift in Sources */,
				4DADC4562D4AAFDD00809279 /* InitAndEnum.swift in Sources */,
				4DB185F92D5160EE00A41C94 /* SafeAreaInsetsDemo.swift in Sources */,
				4DADC4482D4A738A00809279 /* Frame(Main).swift in Sources */,
				4DADC4392D4A658100809279 /* Colors.swift in Sources */,
				4DB185EB2D514CF000A41C94 /* TextSelectionDemo.swift in Sources */,
				4D5DF4C42D5919EE00DD252A /* AddSoundEffectDemo.swift in Sources */,
				4D3D3DC42D4CC9AD0041E451 /* ListDemo(Main).swift in Sources */,
				4D2AE5F52D4D5C9000B42697 /* DatePickerDemo.swift in Sources */,
				4D8E4AB72D5CC2A4007A0698 /* BackgroundThreadDemo.swift in Sources */,
				4D684A7C2D4DE736009C33D5 /* DarkModeDemo.swift in Sources */,
				4DB185F32D51576600A41C94 /* ListViewBadgesDemo.swift in Sources */,
				4DCE097F2D57179100E1A953 /* RotationGestureDemo.swift in Sources */,
				4D92A1B72D53D41200EB74E6 /* ControlGroupMenuDemo.swift in Sources */,
				4D4F35A22D4BA84600C095B5 /* Conditional.swift in Sources */,
				4D5DF4C22D5915C200DD252A /* MaskDemo.swift in Sources */,
				4D92A1AD2D532BD200EB74E6 /* ViewThatfitsDemo.swift in Sources */,
				4D3D3DCA2D4CDA4C0041E451 /* ToolBarDemo(Main).swift in Sources */,
				4D684A782D4DDD29009C33D5 /* TabBarView.swift in Sources */,
				4DF873D12D5FB46C0022B148 /* AlignmentGuideDemo.swift in Sources */,
				4DCE09872D57DB8700E1A953 /* GeometryReaderDemo.swift in Sources */,
				4D6CDB602D4E598E001257D0 /* Onappear.swift in Sources */,
				4DADC4502D4A88A600809279 /* Stacks.swift in Sources */,
				4DADC4622D4B591500809279 /* GridItemsAdaptive(Main).swift in Sources */,
				4D2AE5F32D4D557400B42697 /* SliderDemo.swift in Sources */,
				4D4F35AA2D4BC8BA00C095B5 /* TransitionAnimation(Main).swift in Sources */,
				4DCE098B2D57EABD00E1A953 /* MultipleSheetsDemo.swift in Sources */,
				4DB185FB2D5163C800A41C94 /* GroupDemo.swift in Sources */,
				4D4F35A82D4BBFE600C095B5 /* AnimationCurve(Main).swift in Sources */,
				4D2AE5F12D4D505800B42697 /* StepperDemo.swift in Sources */,
				4DADC46A2D4B7F7600809279 /* Buttons.swift in Sources */,
				4DF873CF2D5F92E80022B148 /* SubscribeDemo.swift in Sources */,
				4D92A1AB2D52A68200EB74E6 /* AnyLayoutDemo.swift in Sources */,
				4DADC4422D4A65DA00809279 /* SystemIcons.swift in Sources */,
				4DADC43B2D4A658100809279 /* Gradient.swift in Sources */,
				4D2AE5EF2D4D497900B42697 /* ColorPickerDemo.swift in Sources */,
				4D3D3DD02D4D14930041E451 /* ContentmenuDemo.swift in Sources */,
				4DA4D13E2D59EDB90075A105 /* HashableDemo.swift in Sources */,
				4DADC43C2D4A658100809279 /* LearningSwiftUIApp.swift in Sources */,
				4D92A1B52D53CDDD00EB74E6 /* ContentUnavailableViewDemo.swift in Sources */,
				4D4F359E2D4B9D6300C095B5 /* ExtractedFunctions.swift in Sources */,
				4D4F35B02D4BD40700C095B5 /* CustomPopover.swift in Sources */,
				4D4F35AC2D4BCEA000C095B5 /* Sheets.swift in Sources */,
				4DADC43D2D4A658100809279 /* Shapes.swift in Sources */,
				4D92A1A92D52A07900EB74E6 /* NativePopOverDemo.swift in Sources */,
				4DADC4642D4B5B0700809279 /* GridItemsFixed2(Main).swift in Sources */,
				4DB185E92D513C2600A41C94 /* BackgroundMaterial.swift in Sources */,
				4DADC4602D4B57CC00809279 /* GridItemFlexible(Main).swift in Sources */,
				4D2AE5EB2D4D437A00B42697 /* TextEditorDemo.swift in Sources */,
				4DADC43E2D4A658100809279 /* TextDemo.swift in Sources */,
				4D082E492D501A260078DB5B /* AsyncImageDemo.swift in Sources */,
				4D4F359A2D4B8D4600C095B5 /* StateDemo.swift in Sources */,
				4DB185F72D515F9600A41C94 /* SubmitTextFieldDemo.swift in Sources */,
				4DADC4522D4AA36E00809279 /* Padding.swift in Sources */,
			);
			runOnlyForDeploymentPostprocessing = 0;
		};
/* End PBXSourcesBuildPhase section */

/* Begin XCBuildConfiguration section */
		4DADC4112D4A63F000809279 /* Debug */ = {
			isa = XCBuildConfiguration;
			buildSettings = {
				ALWAYS_SEARCH_USER_PATHS = NO;
				ASSETCATALOG_COMPILER_GENERATE_SWIFT_ASSET_SYMBOL_EXTENSIONS = YES;
				CLANG_ANALYZER_NONNULL = YES;
				CLANG_ANALYZER_NUMBER_OBJECT_CONVERSION = YES_AGGRESSIVE;
				CLANG_CXX_LANGUAGE_STANDARD = "gnu++20";
				CLANG_ENABLE_MODULES = YES;
				CLANG_ENABLE_OBJC_ARC = YES;
				CLANG_ENABLE_OBJC_WEAK = YES;
				CLANG_WARN_BLOCK_CAPTURE_AUTORELEASING = YES;
				CLANG_WARN_BOOL_CONVERSION = YES;
				CLANG_WARN_COMMA = YES;
				CLANG_WARN_CONSTANT_CONVERSION = YES;
				CLANG_WARN_DEPRECATED_OBJC_IMPLEMENTATIONS = YES;
				CLANG_WARN_DIRECT_OBJC_ISA_USAGE = YES_ERROR;
				CLANG_WARN_DOCUMENTATION_COMMENTS = YES;
				CLANG_WARN_EMPTY_BODY = YES;
				CLANG_WARN_ENUM_CONVERSION = YES;
				CLANG_WARN_INFINITE_RECURSION = YES;
				CLANG_WARN_INT_CONVERSION = YES;
				CLANG_WARN_NON_LITERAL_NULL_CONVERSION = YES;
				CLANG_WARN_OBJC_IMPLICIT_RETAIN_SELF = YES;
				CLANG_WARN_OBJC_LITERAL_CONVERSION = YES;
				CLANG_WARN_OBJC_ROOT_CLASS = YES_ERROR;
				CLANG_WARN_QUOTED_INCLUDE_IN_FRAMEWORK_HEADER = YES;
				CLANG_WARN_RANGE_LOOP_ANALYSIS = YES;
				CLANG_WARN_STRICT_PROTOTYPES = YES;
				CLANG_WARN_SUSPICIOUS_MOVE = YES;
				CLANG_WARN_UNGUARDED_AVAILABILITY = YES_AGGRESSIVE;
				CLANG_WARN_UNREACHABLE_CODE = YES;
				CLANG_WARN__DUPLICATE_METHOD_MATCH = YES;
				COPY_PHASE_STRIP = NO;
				DEBUG_INFORMATION_FORMAT = dwarf;
				ENABLE_STRICT_OBJC_MSGSEND = YES;
				ENABLE_TESTABILITY = YES;
				ENABLE_USER_SCRIPT_SANDBOXING = YES;
				GCC_C_LANGUAGE_STANDARD = gnu17;
				GCC_DYNAMIC_NO_PIC = NO;
				GCC_NO_COMMON_BLOCKS = YES;
				GCC_OPTIMIZATION_LEVEL = 0;
				GCC_PREPROCESSOR_DEFINITIONS = (
					"DEBUG=1",
					"$(inherited)",
				);
				GCC_WARN_64_TO_32_BIT_CONVERSION = YES;
				GCC_WARN_ABOUT_RETURN_TYPE = YES_ERROR;
				GCC_WARN_UNDECLARED_SELECTOR = YES;
				GCC_WARN_UNINITIALIZED_AUTOS = YES_AGGRESSIVE;
				GCC_WARN_UNUSED_FUNCTION = YES;
				GCC_WARN_UNUSED_VARIABLE = YES;
				IPHONEOS_DEPLOYMENT_TARGET = 18.2;
				LOCALIZATION_PREFERS_STRING_CATALOGS = YES;
				MTL_ENABLE_DEBUG_INFO = INCLUDE_SOURCE;
				MTL_FAST_MATH = YES;
				ONLY_ACTIVE_ARCH = YES;
				SDKROOT = iphoneos;
				SWIFT_ACTIVE_COMPILATION_CONDITIONS = "DEBUG $(inherited)";
				SWIFT_OPTIMIZATION_LEVEL = "-Onone";
			};
			name = Debug;
		};
		4DADC4122D4A63F000809279 /* Release */ = {
			isa = XCBuildConfiguration;
			buildSettings = {
				ALWAYS_SEARCH_USER_PATHS = NO;
				ASSETCATALOG_COMPILER_GENERATE_SWIFT_ASSET_SYMBOL_EXTENSIONS = YES;
				CLANG_ANALYZER_NONNULL = YES;
				CLANG_ANALYZER_NUMBER_OBJECT_CONVERSION = YES_AGGRESSIVE;
				CLANG_CXX_LANGUAGE_STANDARD = "gnu++20";
				CLANG_ENABLE_MODULES = YES;
				CLANG_ENABLE_OBJC_ARC = YES;
				CLANG_ENABLE_OBJC_WEAK = YES;
				CLANG_WARN_BLOCK_CAPTURE_AUTORELEASING = YES;
				CLANG_WARN_BOOL_CONVERSION = YES;
				CLANG_WARN_COMMA = YES;
				CLANG_WARN_CONSTANT_CONVERSION = YES;
				CLANG_WARN_DEPRECATED_OBJC_IMPLEMENTATIONS = YES;
				CLANG_WARN_DIRECT_OBJC_ISA_USAGE = YES_ERROR;
				CLANG_WARN_DOCUMENTATION_COMMENTS = YES;
				CLANG_WARN_EMPTY_BODY = YES;
				CLANG_WARN_ENUM_CONVERSION = YES;
				CLANG_WARN_INFINITE_RECURSION = YES;
				CLANG_WARN_INT_CONVERSION = YES;
				CLANG_WARN_NON_LITERAL_NULL_CONVERSION = YES;
				CLANG_WARN_OBJC_IMPLICIT_RETAIN_SELF = YES;
				CLANG_WARN_OBJC_LITERAL_CONVERSION = YES;
				CLANG_WARN_OBJC_ROOT_CLASS = YES_ERROR;
				CLANG_WARN_QUOTED_INCLUDE_IN_FRAMEWORK_HEADER = YES;
				CLANG_WARN_RANGE_LOOP_ANALYSIS = YES;
				CLANG_WARN_STRICT_PROTOTYPES = YES;
				CLANG_WARN_SUSPICIOUS_MOVE = YES;
				CLANG_WARN_UNGUARDED_AVAILABILITY = YES_AGGRESSIVE;
				CLANG_WARN_UNREACHABLE_CODE = YES;
				CLANG_WARN__DUPLICATE_METHOD_MATCH = YES;
				COPY_PHASE_STRIP = NO;
				DEBUG_INFORMATION_FORMAT = "dwarf-with-dsym";
				ENABLE_NS_ASSERTIONS = NO;
				ENABLE_STRICT_OBJC_MSGSEND = YES;
				ENABLE_USER_SCRIPT_SANDBOXING = YES;
				GCC_C_LANGUAGE_STANDARD = gnu17;
				GCC_NO_COMMON_BLOCKS = YES;
				GCC_WARN_64_TO_32_BIT_CONVERSION = YES;
				GCC_WARN_ABOUT_RETURN_TYPE = YES_ERROR;
				GCC_WARN_UNDECLARED_SELECTOR = YES;
				GCC_WARN_UNINITIALIZED_AUTOS = YES_AGGRESSIVE;
				GCC_WARN_UNUSED_FUNCTION = YES;
				GCC_WARN_UNUSED_VARIABLE = YES;
				IPHONEOS_DEPLOYMENT_TARGET = 18.2;
				LOCALIZATION_PREFERS_STRING_CATALOGS = YES;
				MTL_ENABLE_DEBUG_INFO = NO;
				MTL_FAST_MATH = YES;
				SDKROOT = iphoneos;
				SWIFT_COMPILATION_MODE = wholemodule;
				VALIDATE_PRODUCT = YES;
			};
			name = Release;
		};
		4DADC4142D4A63F000809279 /* Debug */ = {
			isa = XCBuildConfiguration;
			buildSettings = {
				ASSETCATALOG_COMPILER_APPICON_NAME = AppIcon;
				ASSETCATALOG_COMPILER_GLOBAL_ACCENT_COLOR_NAME = AccentColor;
				CODE_SIGN_STYLE = Automatic;
				CURRENT_PROJECT_VERSION = 1;
				DEVELOPMENT_ASSET_PATHS = "\"LearningSwiftUI/Preview Content\"";
				ENABLE_PREVIEWS = YES;
				GENERATE_INFOPLIST_FILE = YES;
				INFOPLIST_KEY_UIApplicationSceneManifest_Generation = YES;
				INFOPLIST_KEY_UIApplicationSupportsIndirectInputEvents = YES;
				INFOPLIST_KEY_UILaunchScreen_Generation = YES;
				INFOPLIST_KEY_UISupportedInterfaceOrientations_iPad = "UIInterfaceOrientationPortrait UIInterfaceOrientationPortraitUpsideDown UIInterfaceOrientationLandscapeLeft UIInterfaceOrientationLandscapeRight";
				INFOPLIST_KEY_UISupportedInterfaceOrientations_iPhone = "UIInterfaceOrientationPortrait UIInterfaceOrientationLandscapeLeft UIInterfaceOrientationLandscapeRight";
				IPHONEOS_DEPLOYMENT_TARGET = 16.6;
				LD_RUNPATH_SEARCH_PATHS = (
					"$(inherited)",
					"@executable_path/Frameworks",
				);
				MARKETING_VERSION = 1.0;
				PRODUCT_BUNDLE_IDENTIFIER = ganesh.LearningSwiftUI;
				PRODUCT_NAME = "$(TARGET_NAME)";
				SWIFT_EMIT_LOC_STRINGS = YES;
				SWIFT_VERSION = 5.0;
				TARGETED_DEVICE_FAMILY = "1,2";
			};
			name = Debug;
		};
		4DADC4152D4A63F000809279 /* Release */ = {
			isa = XCBuildConfiguration;
			buildSettings = {
				ASSETCATALOG_COMPILER_APPICON_NAME = AppIcon;
				ASSETCATALOG_COMPILER_GLOBAL_ACCENT_COLOR_NAME = AccentColor;
				CODE_SIGN_STYLE = Automatic;
				CURRENT_PROJECT_VERSION = 1;
				DEVELOPMENT_ASSET_PATHS = "\"LearningSwiftUI/Preview Content\"";
				ENABLE_PREVIEWS = YES;
				GENERATE_INFOPLIST_FILE = YES;
				INFOPLIST_KEY_UIApplicationSceneManifest_Generation = YES;
				INFOPLIST_KEY_UIApplicationSupportsIndirectInputEvents = YES;
				INFOPLIST_KEY_UILaunchScreen_Generation = YES;
				INFOPLIST_KEY_UISupportedInterfaceOrientations_iPad = "UIInterfaceOrientationPortrait UIInterfaceOrientationPortraitUpsideDown UIInterfaceOrientationLandscapeLeft UIInterfaceOrientationLandscapeRight";
				INFOPLIST_KEY_UISupportedInterfaceOrientations_iPhone = "UIInterfaceOrientationPortrait UIInterfaceOrientationLandscapeLeft UIInterfaceOrientationLandscapeRight";
				IPHONEOS_DEPLOYMENT_TARGET = 16.6;
				LD_RUNPATH_SEARCH_PATHS = (
					"$(inherited)",
					"@executable_path/Frameworks",
				);
				MARKETING_VERSION = 1.0;
				PRODUCT_BUNDLE_IDENTIFIER = ganesh.LearningSwiftUI;
				PRODUCT_NAME = "$(TARGET_NAME)";
				SWIFT_EMIT_LOC_STRINGS = YES;
				SWIFT_VERSION = 5.0;
				TARGETED_DEVICE_FAMILY = "1,2";
			};
			name = Release;
		};
/* End XCBuildConfiguration section */

/* Begin XCConfigurationList section */
		4DADC4002D4A63ED00809279 /* Build configuration list for PBXProject "LearningSwiftUI" */ = {
			isa = XCConfigurationList;
			buildConfigurations = (
				4DADC4112D4A63F000809279 /* Debug */,
				4DADC4122D4A63F000809279 /* Release */,
			);
			defaultConfigurationIsVisible = 0;
			defaultConfigurationName = Release;
		};
		4DADC4132D4A63F000809279 /* Build configuration list for PBXNativeTarget "LearningSwiftUI" */ = {
			isa = XCConfigurationList;
			buildConfigurations = (
				4DADC4142D4A63F000809279 /* Debug */,
				4DADC4152D4A63F000809279 /* Release */,
			);
			defaultConfigurationIsVisible = 0;
			defaultConfigurationName = Release;
		};
/* End XCConfigurationList section */
	};
	rootObject = 4DADC3FD2D4A63ED00809279 /* Project object */;
}
